
Microsoft Visual Studio Solution File, Format Version 12.00
# Visual Studio Version 17
VisualStudioVersion = 17.9.34728.123
MinimumVisualStudioVersion = 10.0.40219.1
Project("{FAE04EC0-301F-11D3-BF4B-00C04F79EFBC}") = "Assignment1", "Assignment1.csproj", "{D2C57B4B-57BB-4B53-8A2D-676DEB1FB9CD}"
EndProject
Global
	GlobalSection(SolutionConfigurationPlatforms) = preSolution
		Debug|Any CPU = Debug|Any CPU
		Release|Any CPU = Release|Any CPU
	EndGlobalSection
	GlobalSection(ProjectConfigurationPlatforms) = postSolution
		{D2C57B4B-57BB-4B53-8A2D-676DEB1FB9CD}.Debug|Any CPU.ActiveCfg = Debug|Any CPU
		{D2C57B4B-57BB-4B53-8A2D-676DEB1FB9CD}.Debug|Any CPU.Build.0 = Debug|Any CPU
		{D2C57B4B-57BB-4B53-8A2D-676DEB1FB9CD}.Release|Any CPU.ActiveCfg = Release|Any CPU
		{D2C57B4B-57BB-4B53-8A2D-676DEB1FB9CD}.Release|Any CPU.Build.0 = Release|Any CPU
	EndGlobalSection
	GlobalSection(SolutionProperties) = preSolution
		HideSolutionNode = FALSE
	EndGlobalSection
	GlobalSection(ExtensibilityGlobals) = postSolution
		SolutionGuid = {E6F89CF3-3874-44C9-B88B-594C7E54E1F6}
	EndGlobalSection
EndGlobal
